{
  "version": 2,
  "dependencies": {
    ".NETStandard,Version=v2.0": {
      "Microsoft.TemplateEngine.Authoring.Tasks": {
        "type": "Direct",
        "requested": "[8.0.102, )",
        "resolved": "8.0.102",
        "contentHash": "vjsqxPsoboWFhRdc+5m9pJbhxcUDbuG0dCzNYJj/RCTtXRoND97K4vsU+5K/RCHjDMImvQVM9WcJQygMAmDArQ=="
      }
    }
  }
}