{
  "version": 2,
  "dependencies": {
    ".NETStandard,Version=v2.0": {
      "Microsoft.TemplateEngine.Authoring.Tasks": {
        "type": "Direct",
        "requested": "[9.0.200, )",
        "resolved": "9.0.200",
        "contentHash": "77E2RikQwWvFAnqjkarExbiUunhAckX/NVqauDa0op+sWNH+I2XL4VldEwnJcFntdTsknSeSblhfeKBduDddwQ=="
      }
    }
  }
}